// !$*UTF8*$!
{
	archiveVersion = 1;
	classes = {
	};
	objectVersion = 46;
	objects = {

/* Begin PBXBuildFile section */
		B51F04101D185FCB00363D0C /* DefineFonctionView.swift in Sources */ = {isa = PBXBuildFile; fileRef = B51F040F1D185FCB00363D0C /* DefineFonctionView.swift */; };
		B573A8E01D16ABE8004C79C2 /* TabBar.swift in Sources */ = {isa = PBXBuildFile; fileRef = B573A8DF1D16ABE8004C79C2 /* TabBar.swift */; };
		B595F9DF1D14716A00BD8918 /* AppDelegate.swift in Sources */ = {isa = PBXBuildFile; fileRef = B595F9DE1D14716A00BD8918 /* AppDelegate.swift */; };
		B595F9E41D14716A00BD8918 /* Main.storyboard in Resources */ = {isa = PBXBuildFile; fileRef = B595F9E21D14716A00BD8918 /* Main.storyboard */; };
		B595F9E61D14716A00BD8918 /* Assets.xcassets in Resources */ = {isa = PBXBuildFile; fileRef = B595F9E51D14716A00BD8918 /* Assets.xcassets */; };
		B595F9E91D14716A00BD8918 /* LaunchScreen.storyboard in Resources */ = {isa = PBXBuildFile; fileRef = B595F9E71D14716A00BD8918 /* LaunchScreen.storyboard */; };
		B595F9F21D1471B200BD8918 /* CoreBluetooth.framework in Frameworks */ = {isa = PBXBuildFile; fileRef = B595F9F11D1471B200BD8918 /* CoreBluetooth.framework */; };
		B595F9F61D14751C00BD8918 /* Couleur.swift in Sources */ = {isa = PBXBuildFile; fileRef = B595F9F51D14751C00BD8918 /* Couleur.swift */; };
		B595FA011D14C0AD00BD8918 /* BrightnessView.swift in Sources */ = {isa = PBXBuildFile; fileRef = B595F9FC1D14C0AD00BD8918 /* BrightnessView.swift */; };
		B595FA021D14C0AD00BD8918 /* ColorUtils.swift in Sources */ = {isa = PBXBuildFile; fileRef = B595F9FD1D14C0AD00BD8918 /* ColorUtils.swift */; };
		B595FA031D14C0AD00BD8918 /* ColorWheel.swift in Sources */ = {isa = PBXBuildFile; fileRef = B595F9FE1D14C0AD00BD8918 /* ColorWheel.swift */; };
		B595FA041D14C0AD00BD8918 /* SelectedColorView.swift in Sources */ = {isa = PBXBuildFile; fileRef = B595F9FF1D14C0AD00BD8918 /* SelectedColorView.swift */; };
		B595FA051D14C0AD00BD8918 /* SwiftHSVColorPicker.swift in Sources */ = {isa = PBXBuildFile; fileRef = B595FA001D14C0AD00BD8918 /* SwiftHSVColorPicker.swift */; };
		B59A854E1D158D85005DB171 /* Programmation.swift in Sources */ = {isa = PBXBuildFile; fileRef = B59A854D1D158D85005DB171 /* Programmation.swift */; };
/* End PBXBuildFile section */

/* Begin PBXCopyFilesBuildPhase section */
		B5917B111D4BA4E2003D184C /* Embed Watch Content */ = {
			isa = PBXCopyFilesBuildPhase;
			buildActionMask = 2147483647;
			dstPath = "$(CONTENTS_FOLDER_PATH)/Watch";
			dstSubfolderSpec = 16;
			files = (
			);
			name = "Embed Watch Content";
			runOnlyForDeploymentPostprocessing = 0;
		};
/* End PBXCopyFilesBuildPhase section */

/* Begin PBXFileReference section */
		B51F040F1D185FCB00363D0C /* DefineFonctionView.swift */ = {isa = PBXFileReference; fileEncoding = 4; lastKnownFileType = sourcecode.swift; path = DefineFonctionView.swift; sourceTree = "<group>"; };
		B573A8DF1D16ABE8004C79C2 /* TabBar.swift */ = {isa = PBXFileReference; fileEncoding = 4; lastKnownFileType = sourcecode.swift; path = TabBar.swift; sourceTree = "<group>"; };
		B595F9DB1D14716A00BD8918 /* Neopixel.app */ = {isa = PBXFileReference; explicitFileType = wrapper.application; includeInIndex = 0; path = Neopixel.app; sourceTree = BUILT_PRODUCTS_DIR; };
		B595F9DE1D14716A00BD8918 /* AppDelegate.swift */ = {isa = PBXFileReference; lastKnownFileType = sourcecode.swift; path = AppDelegate.swift; sourceTree = "<group>"; };
		B595F9E31D14716A00BD8918 /* Base */ = {isa = PBXFileReference; lastKnownFileType = file.storyboard; name = Base; path = Base.lproj/Main.storyboard; sourceTree = "<group>"; };
		B595F9E51D14716A00BD8918 /* Assets.xcassets */ = {isa = PBXFileReference; lastKnownFileType = folder.assetcatalog; path = Assets.xcassets; sourceTree = "<group>"; };
		B595F9E81D14716A00BD8918 /* Base */ = {isa = PBXFileReference; lastKnownFileType = file.storyboard; name = Base; path = Base.lproj/LaunchScreen.storyboard; sourceTree = "<group>"; };
		B595F9EA1D14716A00BD8918 /* Info.plist */ = {isa = PBXFileReference; lastKnownFileType = text.plist.xml; path = Info.plist; sourceTree = "<group>"; };
		B595F9F11D1471B200BD8918 /* CoreBluetooth.framework */ = {isa = PBXFileReference; lastKnownFileType = wrapper.framework; name = CoreBluetooth.framework; path = System/Library/Frameworks/CoreBluetooth.framework; sourceTree = SDKROOT; };
		B595F9F51D14751C00BD8918 /* Couleur.swift */ = {isa = PBXFileReference; fileEncoding = 4; lastKnownFileType = sourcecode.swift; path = Couleur.swift; sourceTree = "<group>"; };
		B595F9FC1D14C0AD00BD8918 /* BrightnessView.swift */ = {isa = PBXFileReference; fileEncoding = 4; lastKnownFileType = sourcecode.swift; path = BrightnessView.swift; sourceTree = "<group>"; };
		B595F9FD1D14C0AD00BD8918 /* ColorUtils.swift */ = {isa = PBXFileReference; fileEncoding = 4; lastKnownFileType = sourcecode.swift; path = ColorUtils.swift; sourceTree = "<group>"; };
		B595F9FE1D14C0AD00BD8918 /* ColorWheel.swift */ = {isa = PBXFileReference; fileEncoding = 4; lastKnownFileType = sourcecode.swift; path = ColorWheel.swift; sourceTree = "<group>"; };
		B595F9FF1D14C0AD00BD8918 /* SelectedColorView.swift */ = {isa = PBXFileReference; fileEncoding = 4; lastKnownFileType = sourcecode.swift; path = SelectedColorView.swift; sourceTree = "<group>"; };
		B595FA001D14C0AD00BD8918 /* SwiftHSVColorPicker.swift */ = {isa = PBXFileReference; fileEncoding = 4; lastKnownFileType = sourcecode.swift; path = SwiftHSVColorPicker.swift; sourceTree = "<group>"; };
		B59A854D1D158D85005DB171 /* Programmation.swift */ = {isa = PBXFileReference; fileEncoding = 4; lastKnownFileType = sourcecode.swift; path = Programmation.swift; sourceTree = "<group>"; };
/* End PBXFileReference section */

/* Begin PBXFrameworksBuildPhase section */
		B595F9D81D14716A00BD8918 /* Frameworks */ = {
			isa = PBXFrameworksBuildPhase;
			buildActionMask = 2147483647;
			files = (
				B595F9F21D1471B200BD8918 /* CoreBluetooth.framework in Frameworks */,
			);
			runOnlyForDeploymentPostprocessing = 0;
		};
/* End PBXFrameworksBuildPhase section */

/* Begin PBXGroup section */
		B595F9D21D14716A00BD8918 = {
			isa = PBXGroup;
			children = (
				B595F9DD1D14716A00BD8918 /* Neopixel */,
				B595F9DC1D14716A00BD8918 /* Products */,
				B595F9F01D1471B200BD8918 /* Frameworks */,
			);
			sourceTree = "<group>";
		};
		B595F9DC1D14716A00BD8918 /* Products */ = {
			isa = PBXGroup;
			children = (
				B595F9DB1D14716A00BD8918 /* Neopixel.app */,
			);
			name = Products;
			sourceTree = "<group>";
		};
		B595F9DD1D14716A00BD8918 /* Neopixel */ = {
			isa = PBXGroup;
			children = (
				B595F9FB1D14C0AD00BD8918 /* Source */,
				B595F9DE1D14716A00BD8918 /* AppDelegate.swift */,
				B595F9E21D14716A00BD8918 /* Main.storyboard */,
				B51F040F1D185FCB00363D0C /* DefineFonctionView.swift */,
				B573A8DF1D16ABE8004C79C2 /* TabBar.swift */,
				B595F9F51D14751C00BD8918 /* Couleur.swift */,
				B59A854D1D158D85005DB171 /* Programmation.swift */,
				B595F9E51D14716A00BD8918 /* Assets.xcassets */,
				B595F9E71D14716A00BD8918 /* LaunchScreen.storyboard */,
				B595F9EA1D14716A00BD8918 /* Info.plist */,
			);
			path = Neopixel;
			sourceTree = "<group>";
		};
		B595F9F01D1471B200BD8918 /* Frameworks */ = {
			isa = PBXGroup;
			children = (
				B595F9F11D1471B200BD8918 /* CoreBluetooth.framework */,
			);
			name = Frameworks;
			sourceTree = "<group>";
		};
		B595F9FB1D14C0AD00BD8918 /* Source */ = {
			isa = PBXGroup;
			children = (
				B595F9FC1D14C0AD00BD8918 /* BrightnessView.swift */,
				B595F9FD1D14C0AD00BD8918 /* ColorUtils.swift */,
				B595F9FE1D14C0AD00BD8918 /* ColorWheel.swift */,
				B595F9FF1D14C0AD00BD8918 /* SelectedColorView.swift */,
				B595FA001D14C0AD00BD8918 /* SwiftHSVColorPicker.swift */,
			);
			name = Source;
			path = "../../../../Downloads/SwiftHSVColorPicker-master/Source";
			sourceTree = "<group>";
		};
/* End PBXGroup section */

/* Begin PBXNativeTarget section */
		B595F9DA1D14716A00BD8918 /* Neopixel */ = {
			isa = PBXNativeTarget;
			buildConfigurationList = B595F9ED1D14716A00BD8918 /* Build configuration list for PBXNativeTarget "Neopixel" */;
			buildPhases = (
				B595F9D71D14716A00BD8918 /* Sources */,
				B595F9D81D14716A00BD8918 /* Frameworks */,
				B595F9D91D14716A00BD8918 /* Resources */,
				B5917B111D4BA4E2003D184C /* Embed Watch Content */,
			);
			buildRules = (
			);
			dependencies = (
			);
			name = Neopixel;
			productName = Neopixel;
			productReference = B595F9DB1D14716A00BD8918 /* Neopixel.app */;
			productType = "com.apple.product-type.application";
		};
/* End PBXNativeTarget section */

/* Begin PBXProject section */
		B595F9D31D14716A00BD8918 /* Project object */ = {
			isa = PBXProject;
			attributes = {
				LastSwiftUpdateCheck = 0800;
				LastUpgradeCheck = 0810;
				ORGANIZATIONNAME = "Logan Gallois";
				TargetAttributes = {
					B595F9DA1D14716A00BD8918 = {
						CreatedOnToolsVersion = 8.0;
						DevelopmentTeam = B2LU2VKT8D;
						DevelopmentTeamName = "logan gallois";
						ProvisioningStyle = Automatic;
					};
				};
			};
			buildConfigurationList = B595F9D61D14716A00BD8918 /* Build configuration list for PBXProject "Neopixel" */;
			compatibilityVersion = "Xcode 3.2";
			developmentRegion = English;
			hasScannedForEncodings = 0;
			knownRegions = (
				en,
				Base,
			);
			mainGroup = B595F9D21D14716A00BD8918;
			productRefGroup = B595F9DC1D14716A00BD8918 /* Products */;
			projectDirPath = "";
			projectRoot = "";
			targets = (
				B595F9DA1D14716A00BD8918 /* Neopixel */,
			);
		};
/* End PBXProject section */

/* Begin PBXResourcesBuildPhase section */
		B595F9D91D14716A00BD8918 /* Resources */ = {
			isa = PBXResourcesBuildPhase;
			buildActionMask = 2147483647;
			files = (
				B595F9E91D14716A00BD8918 /* LaunchScreen.storyboard in Resources */,
				B595F9E61D14716A00BD8918 /* Assets.xcassets in Resources */,
				B595F9E41D14716A00BD8918 /* Main.storyboard in Resources */,
			);
			runOnlyForDeploymentPostprocessing = 0;
		};
/* End PBXResourcesBuildPhase section */

/* Begin PBXSourcesBuildPhase section */
		B595F9D71D14716A00BD8918 /* Sources */ = {
			isa = PBXSourcesBuildPhase;
			buildActionMask = 2147483647;
			files = (
				B573A8E01D16ABE8004C79C2 /* TabBar.swift in Sources */,
				B595FA021D14C0AD00BD8918 /* ColorUtils.swift in Sources */,
				B595F9DF1D14716A00BD8918 /* AppDelegate.swift in Sources */,
				B595FA041D14C0AD00BD8918 /* SelectedColorView.swift in Sources */,
				B595F9F61D14751C00BD8918 /* Couleur.swift in Sources */,
				B595FA011D14C0AD00BD8918 /* BrightnessView.swift in Sources */,
				B595FA031D14C0AD00BD8918 /* ColorWheel.swift in Sources */,
				B51F04101D185FCB00363D0C /* DefineFonctionView.swift in Sources */,
				B59A854E1D158D85005DB171 /* Programmation.swift in Sources */,
				B595FA051D14C0AD00BD8918 /* SwiftHSVColorPicker.swift in Sources */,
			);
			runOnlyForDeploymentPostprocessing = 0;
		};
/* End PBXSourcesBuildPhase section */

/* Begin PBXVariantGroup section */
		B595F9E21D14716A00BD8918 /* Main.storyboard */ = {
			isa = PBXVariantGroup;
			children = (
				B595F9E31D14716A00BD8918 /* Base */,
			);
			name = Main.storyboard;
			sourceTree = "<group>";
		};
		B595F9E71D14716A00BD8918 /* LaunchScreen.storyboard */ = {
			isa = PBXVariantGroup;
			children = (
				B595F9E81D14716A00BD8918 /* Base */,
			);
			name = LaunchScreen.storyboard;
			sourceTree = "<group>";
		};
/* End PBXVariantGroup section */

/* Begin XCBuildConfiguration section */
		B595F9EB1D14716A00BD8918 /* Debug */ = {
			isa = XCBuildConfiguration;
			buildSettings = {
				ALWAYS_SEARCH_USER_PATHS = NO;
				CLANG_ANALYZER_NONNULL = YES;
				CLANG_CXX_LANGUAGE_STANDARD = "gnu++0x";
				CLANG_CXX_LIBRARY = "libc++";
				CLANG_ENABLE_MODULES = YES;
				CLANG_ENABLE_OBJC_ARC = YES;
				CLANG_WARN_BOOL_CONVERSION = YES;
				CLANG_WARN_CONSTANT_CONVERSION = YES;
				CLANG_WARN_DIRECT_OBJC_ISA_USAGE = YES_ERROR;
				CLANG_WARN_DOCUMENTATION_COMMENTS = YES;
				CLANG_WARN_EMPTY_BODY = YES;
				CLANG_WARN_ENUM_CONVERSION = YES;
				CLANG_WARN_INFINITE_RECURSION = YES;
				CLANG_WARN_INT_CONVERSION = YES;
				CLANG_WARN_OBJC_ROOT_CLASS = YES_ERROR;
				CLANG_WARN_SUSPICIOUS_MOVE = YES;
				CLANG_WARN_UNREACHABLE_CODE = YES;
				CLANG_WARN__DUPLICATE_METHOD_MATCH = YES;
				"CODE_SIGN_IDENTITY[sdk=iphoneos*]" = "iPhone Developer";
				COPY_PHASE_STRIP = NO;
				DEBUG_INFORMATION_FORMAT = dwarf;
				ENABLE_STRICT_OBJC_MSGSEND = YES;
				ENABLE_TESTABILITY = YES;
				GCC_C_LANGUAGE_STANDARD = gnu99;
				GCC_DYNAMIC_NO_PIC = NO;
				GCC_NO_COMMON_BLOCKS = YES;
				GCC_OPTIMIZATION_LEVEL = 0;
				GCC_PREPROCESSOR_DEFINITIONS = (
					"DEBUG=1",
					"$(inherited)",
				);
				GCC_WARN_64_TO_32_BIT_CONVERSION = YES;
				GCC_WARN_ABOUT_RETURN_TYPE = YES_ERROR;
				GCC_WARN_UNDECLARED_SELECTOR = YES;
				GCC_WARN_UNINITIALIZED_AUTOS = YES_AGGRESSIVE;
				GCC_WARN_UNUSED_FUNCTION = YES;
				GCC_WARN_UNUSED_VARIABLE = YES;
				IPHONEOS_DEPLOYMENT_TARGET = 9.0;
				MTL_ENABLE_DEBUG_INFO = YES;
				ONLY_ACTIVE_ARCH = YES;
				SDKROOT = iphoneos;
				SWIFT_ACTIVE_COMPILATION_CONDITIONS = DEBUG;
				SWIFT_OPTIMIZATION_LEVEL = "-Onone";
				TARGETED_DEVICE_FAMILY = "1,2";
			};
			name = Debug;
		};
		B595F9EC1D14716A00BD8918 /* Release */ = {
			isa = XCBuildConfiguration;
			buildSettings = {
				ALWAYS_SEARCH_USER_PATHS = NO;
				CLANG_ANALYZER_NONNULL = YES;
				CLANG_CXX_LANGUAGE_STANDARD = "gnu++0x";
				CLANG_CXX_LIBRARY = "libc++";
				CLANG_ENABLE_MODULES = YES;
				CLANG_ENABLE_OBJC_ARC = YES;
				CLANG_WARN_BOOL_CONVERSION = YES;
				CLANG_WARN_CONSTANT_CONVERSION = YES;
				CLANG_WARN_DIRECT_OBJC_ISA_USAGE = YES_ERROR;
				CLANG_WARN_DOCUMENTATION_COMMENTS = YES;
				CLANG_WARN_EMPTY_BODY = YES;
				CLANG_WARN_ENUM_CONVERSION = YES;
				CLANG_WARN_INFINITE_RECURSION = YES;
				CLANG_WARN_INT_CONVERSION = YES;
				CLANG_WARN_OBJC_ROOT_CLASS = YES_ERROR;
				CLANG_WARN_SUSPICIOUS_MOVE = YES;
				CLANG_WARN_UNREACHABLE_CODE = YES;
				CLANG_WARN__DUPLICATE_METHOD_MATCH = YES;
				"CODE_SIGN_IDENTITY[sdk=iphoneos*]" = "iPhone Developer";
				COPY_PHASE_STRIP = NO;
				DEBUG_INFORMATION_FORMAT = "dwarf-with-dsym";
				ENABLE_NS_ASSERTIONS = NO;
				ENABLE_STRICT_OBJC_MSGSEND = YES;
				GCC_C_LANGUAGE_STANDARD = gnu99;
				GCC_NO_COMMON_BLOCKS = YES;
				GCC_WARN_64_TO_32_BIT_CONVERSION = YES;
				GCC_WARN_ABOUT_RETURN_TYPE = YES_ERROR;
				GCC_WARN_UNDECLARED_SELECTOR = YES;
				GCC_WARN_UNINITIALIZED_AUTOS = YES_AGGRESSIVE;
				GCC_WARN_UNUSED_FUNCTION = YES;
				GCC_WARN_UNUSED_VARIABLE = YES;
				IPHONEOS_DEPLOYMENT_TARGET = 9.0;
				MTL_ENABLE_DEBUG_INFO = NO;
				SDKROOT = iphoneos;
				SWIFT_OPTIMIZATION_LEVEL = "-Owholemodule";
				TARGETED_DEVICE_FAMILY = "1,2";
				VALIDATE_PRODUCT = YES;
			};
			name = Release;
		};
		B595F9EE1D14716A00BD8918 /* Debug */ = {
			isa = XCBuildConfiguration;
			buildSettings = {
				ASSETCATALOG_COMPILER_APPICON_NAME = AppIcon;
				INFOPLIST_FILE = Neopixel/Info.plist;
				IPHONEOS_DEPLOYMENT_TARGET = 10.1;
				LD_RUNPATH_SEARCH_PATHS = "$(inherited) @executable_path/Frameworks";
				PRODUCT_BUNDLE_IDENTIFIER = Minicarpet.Neopixel;
				PRODUCT_NAME = "$(TARGET_NAME)";
				SWIFT_VERSION = 3.0;
				TARGETED_DEVICE_FAMILY = 1;
			};
			name = Debug;
		};
		B595F9EF1D14716A00BD8918 /* Release */ = {
			isa = XCBuildConfiguration;
			buildSettings = {
				ASSETCATALOG_COMPILER_APPICON_NAME = AppIcon;
				INFOPLIST_FILE = Neopixel/Info.plist;
				IPHONEOS_DEPLOYMENT_TARGET = 10.1;
				LD_RUNPATH_SEARCH_PATHS = "$(inherited) @executable_path/Frameworks";
				PRODUCT_BUNDLE_IDENTIFIER = Minicarpet.Neopixel;
				PRODUCT_NAME = "$(TARGET_NAME)";
				SWIFT_VERSION = 3.0;
				TARGETED_DEVICE_FAMILY = 1;
			};
			name = Release;
		};
/* End XCBuildConfiguration section */

/* Begin XCConfigurationList section */
		B595F9D61D14716A00BD8918 /* Build configuration list for PBXProject "Neopixel" */ = {
			isa = XCConfigurationList;
			buildConfigurations = (
				B595F9EB1D14716A00BD8918 /* Debug */,
				B595F9EC1D14716A00BD8918 /* Release */,
			);
			defaultConfigurationIsVisible = 0;
			defaultConfigurationName = Release;
		};
		B595F9ED1D14716A00BD8918 /* Build configuration list for PBXNativeTarget "Neopixel" */ = {
			isa = XCConfigurationList;
			buildConfigurations = (
				B595F9EE1D14716A00BD8918 /* Debug */,
				B595F9EF1D14716A00BD8918 /* Release */,
			);
			defaultConfigurationIsVisible = 0;
			defaultConfigurationName = Release;
		};
/* End XCConfigurationList section */
	};
	rootObject = B595F9D31D14716A00BD8918 /* Project object */;
}
